
Microsoft Visual Studio Solution File, Format Version 12.00
# Visual Studio Version 17
VisualStudioVersion = 17.5.33424.131
MinimumVisualStudioVersion = 10.0.40219.1
Project("{FAE04EC0-301F-11D3-BF4B-00C04F79EFBC}") = "KALKULyaTOR", "KALKULyaTOR\KALKULyaTOR.csproj", "{B9B23B3F-F4A8-49B5-A081-B977569ADA68}"
EndProject
Global
	GlobalSection(SolutionConfigurationPlatforms) = preSolution
		Debug|Any CPU = Debug|Any CPU
		Release|Any CPU = Release|Any CPU
	EndGlobalSection
	GlobalSection(ProjectConfigurationPlatforms) = postSolution
		{B9B23B3F-F4A8-49B5-A081-B977569ADA68}.Debug|Any CPU.ActiveCfg = Debug|Any CPU
		{B9B23B3F-F4A8-49B5-A081-B977569ADA68}.Debug|Any CPU.Build.0 = Debug|Any CPU
		{B9B23B3F-F4A8-49B5-A081-B977569ADA68}.Release|Any CPU.ActiveCfg = Release|Any CPU
		{B9B23B3F-F4A8-49B5-A081-B977569ADA68}.Release|Any CPU.Build.0 = Release|Any CPU
	EndGlobalSection
	GlobalSection(SolutionProperties) = preSolution
		HideSolutionNode = FALSE
	EndGlobalSection
	GlobalSection(ExtensibilityGlobals) = postSolution
		SolutionGuid = {02A8FEDE-22C4-4D42-8F43-45AC27DD6854}
	EndGlobalSection
EndGlobal
